# THIS IS AN AUTOGENERATED FILE. DO NOT EDIT THIS FILE DIRECTLY.
# yarn lockfile v1


"@cronvel/get-pixels@^3.4.0":
  "resolved" "https://registry.npmjs.org/@cronvel/get-pixels/-/get-pixels-3.4.0.tgz"
  "version" "3.4.0"
  dependencies:
    "jpeg-js" "^0.4.1"
    "ndarray" "^1.0.19"
    "ndarray-pack" "^1.1.1"
    "node-bitmap" "0.0.1"
    "omggif" "^1.0.10"
    "pngjs" "^5.0.0"

"async@0.2.10":
  "resolved" "https://registry.npmjs.org/async/-/async-0.2.10.tgz"
  "version" "0.2.10"

"binary-search-tree@0.2.5":
  "resolved" "https://registry.npmjs.org/binary-search-tree/-/binary-search-tree-0.2.5.tgz"
  "version" "0.2.5"
  dependencies:
    "underscore" "~1.4.4"

"chroma-js@^2.1.0":
  "resolved" "https://registry.npmjs.org/chroma-js/-/chroma-js-2.1.1.tgz"
  "version" "2.1.1"
  dependencies:
    "cross-env" "^6.0.3"

"commander@^2.19.0":
  "resolved" "https://registry.npmjs.org/commander/-/commander-2.20.3.tgz"
  "version" "2.20.3"

"cross-env@^6.0.3":
  "resolved" "https://registry.npmjs.org/cross-env/-/cross-env-6.0.3.tgz"
  "version" "6.0.3"
  dependencies:
    "cross-spawn" "^7.0.0"

"cross-spawn@^7.0.0":
  "resolved" "https://registry.npmjs.org/cross-spawn/-/cross-spawn-7.0.3.tgz"
  "version" "7.0.3"
  dependencies:
    "path-key" "^3.1.0"
    "shebang-command" "^2.0.0"
    "which" "^2.0.1"

"cwise-compiler@^1.1.2":
  "resolved" "https://registry.npmjs.org/cwise-compiler/-/cwise-compiler-1.1.3.tgz"
  "version" "1.1.3"
  dependencies:
    "uniq" "^1.0.0"

"discontinuous-range@1.0.0":
  "resolved" "https://registry.npmjs.org/discontinuous-range/-/discontinuous-range-1.0.0.tgz"
  "version" "1.0.0"

"immediate@~3.0.5":
  "resolved" "https://registry.npmjs.org/immediate/-/immediate-3.0.6.tgz"
  "version" "3.0.6"

"iota-array@^1.0.0":
  "resolved" "https://registry.npmjs.org/iota-array/-/iota-array-1.0.0.tgz"
  "version" "1.0.0"

"is-buffer@^1.0.2":
  "resolved" "https://registry.npmjs.org/is-buffer/-/is-buffer-1.1.6.tgz"
  "version" "1.1.6"

"isexe@^2.0.0":
  "resolved" "https://registry.npmjs.org/isexe/-/isexe-2.0.0.tgz"
  "version" "2.0.0"

"jpeg-js@^0.4.1":
  "resolved" "https://registry.npmjs.org/jpeg-js/-/jpeg-js-0.4.3.tgz"
  "version" "0.4.3"

"lazyness@^1.2.0":
  "resolved" "https://registry.npmjs.org/lazyness/-/lazyness-1.2.0.tgz"
  "version" "1.2.0"

"lie@3.1.1":
  "resolved" "https://registry.npmjs.org/lie/-/lie-3.1.1.tgz"
  "version" "3.1.1"
  dependencies:
    "immediate" "~3.0.5"

"localforage@^1.3.0":
  "resolved" "https://registry.npmjs.org/localforage/-/localforage-1.9.0.tgz"
  "version" "1.9.0"
  dependencies:
    "lie" "3.1.1"

"lodash@^4.17.21":
  "resolved" "https://registry.npmjs.org/lodash/-/lodash-4.17.21.tgz"
  "version" "4.17.21"

"minimist@^1.2.5":
  "resolved" "https://registry.npmjs.org/minimist/-/minimist-1.2.5.tgz"
  "version" "1.2.5"

"mkdirp@~0.5.1":
  "resolved" "https://registry.npmjs.org/mkdirp/-/mkdirp-0.5.5.tgz"
  "version" "0.5.5"
  dependencies:
    "minimist" "^1.2.5"

"moo@^0.5.0", "moo@^0.5.1":
  "resolved" "https://registry.npmjs.org/moo/-/moo-0.5.1.tgz"
  "version" "0.5.1"

"ndarray-pack@^1.1.1":
  "resolved" "https://registry.npmjs.org/ndarray-pack/-/ndarray-pack-1.2.1.tgz"
  "version" "1.2.1"
  dependencies:
    "cwise-compiler" "^1.1.2"
    "ndarray" "^1.0.13"

"ndarray@^1.0.13", "ndarray@^1.0.19":
  "resolved" "https://registry.npmjs.org/ndarray/-/ndarray-1.0.19.tgz"
  "version" "1.0.19"
  dependencies:
    "iota-array" "^1.0.0"
    "is-buffer" "^1.0.2"

"nearley@^2.20.1":
  "resolved" "https://registry.npmjs.org/nearley/-/nearley-2.20.1.tgz"
  "version" "2.20.1"
  dependencies:
    "commander" "^2.19.0"
    "moo" "^0.5.0"
    "railroad-diagrams" "^1.0.0"
    "randexp" "0.4.6"

"nedb@^1.8.0":
  "resolved" "https://registry.npmjs.org/nedb/-/nedb-1.8.0.tgz"
  "version" "1.8.0"
  dependencies:
    "async" "0.2.10"
    "binary-search-tree" "0.2.5"
    "localforage" "^1.3.0"
    "mkdirp" "~0.5.1"
    "underscore" "~1.4.4"

"nextgen-events@^1.3.4":
  "resolved" "https://registry.npmjs.org/nextgen-events/-/nextgen-events-1.3.4.tgz"
  "version" "1.3.4"

"node-bitmap@0.0.1":
  "resolved" "https://registry.npmjs.org/node-bitmap/-/node-bitmap-0.0.1.tgz"
  "version" "0.0.1"

"omggif@^1.0.10":
  "resolved" "https://registry.npmjs.org/omggif/-/omggif-1.0.10.tgz"
  "version" "1.0.10"

"path-key@^3.1.0":
  "resolved" "https://registry.npmjs.org/path-key/-/path-key-3.1.1.tgz"
  "version" "3.1.1"

"pngjs@^5.0.0":
  "resolved" "https://registry.npmjs.org/pngjs/-/pngjs-5.0.0.tgz"
  "version" "5.0.0"

"railroad-diagrams@^1.0.0":
  "resolved" "https://registry.npmjs.org/railroad-diagrams/-/railroad-diagrams-1.0.0.tgz"
  "version" "1.0.0"

"randexp@0.4.6":
  "resolved" "https://registry.npmjs.org/randexp/-/randexp-0.4.6.tgz"
  "version" "0.4.6"
  dependencies:
    "discontinuous-range" "1.0.0"
    "ret" "~0.1.10"

"ret@~0.1.10":
  "resolved" "https://registry.npmjs.org/ret/-/ret-0.1.15.tgz"
  "version" "0.1.15"

"setimmediate@^1.0.5":
  "resolved" "https://registry.npmjs.org/setimmediate/-/setimmediate-1.0.5.tgz"
  "version" "1.0.5"

"seventh@^0.7.40":
  "resolved" "https://registry.npmjs.org/seventh/-/seventh-0.7.40.tgz"
  "version" "0.7.40"
  dependencies:
    "setimmediate" "^1.0.5"

"shebang-command@^2.0.0":
  "resolved" "https://registry.npmjs.org/shebang-command/-/shebang-command-2.0.0.tgz"
  "version" "2.0.0"
  dependencies:
    "shebang-regex" "^3.0.0"

"shebang-regex@^3.0.0":
  "resolved" "https://registry.npmjs.org/shebang-regex/-/shebang-regex-3.0.0.tgz"
  "version" "3.0.0"

"string-kit@^0.12.0":
  "resolved" "https://registry.npmjs.org/string-kit/-/string-kit-0.12.5.tgz"
  "version" "0.12.5"

"terminal-kit@^2.1.0":
  "resolved" "https://registry.npmjs.org/terminal-kit/-/terminal-kit-2.1.0.tgz"
  "version" "2.1.0"
  dependencies:
    "@cronvel/get-pixels" "^3.4.0"
    "chroma-js" "^2.1.0"
    "lazyness" "^1.2.0"
    "ndarray" "^1.0.19"
    "nextgen-events" "^1.3.4"
    "seventh" "^0.7.40"
    "string-kit" "^0.12.0"
    "tree-kit" "^0.7.0"

"tree-kit@^0.7.0":
  "resolved" "https://registry.npmjs.org/tree-kit/-/tree-kit-0.7.0.tgz"
  "version" "0.7.0"

"uglify-js@^3.13.5":
  "resolved" "https://registry.npmjs.org/uglify-js/-/uglify-js-3.13.5.tgz"
  "version" "3.13.5"

"underscore@~1.4.4":
  "resolved" "https://registry.npmjs.org/underscore/-/underscore-1.4.4.tgz"
  "version" "1.4.4"

"uniq@^1.0.0":
  "resolved" "https://registry.npmjs.org/uniq/-/uniq-1.0.1.tgz"
  "version" "1.0.1"

"which@^2.0.1":
  "resolved" "https://registry.npmjs.org/which/-/which-2.0.2.tgz"
  "version" "2.0.2"
  dependencies:
    "isexe" "^2.0.0"
