# THIS IS AN AUTOGENERATED FILE. DO NOT EDIT THIS FILE DIRECTLY.
# yarn lockfile v1


"@kmamal/sdl@^0.0.13":
  "resolved" "https://registry.npmjs.org/@kmamal/sdl/-/sdl-0.0.13.tgz"
  "version" "0.0.13"
  dependencies:
    "bindings" "*"
    "prebuild-install" "^6.0.1"

"@types/debug@^4.1.5":
  "resolved" "https://registry.npmjs.org/@types/debug/-/debug-4.1.5.tgz"
  "version" "4.1.5"

"@types/lodash@^4.14.169":
  "resolved" "https://registry.npmjs.org/@types/lodash/-/lodash-4.14.169.tgz"
  "version" "4.14.169"

"@types/nearley@^2.11.1":
  "resolved" "https://registry.npmjs.org/@types/nearley/-/nearley-2.11.1.tgz"
  "version" "2.11.1"

"@types/node@^15.3.0":
  "resolved" "https://registry.npmjs.org/@types/node/-/node-15.3.0.tgz"
  "version" "15.3.0"

"@types/uglify-js@^3.13.0":
  "resolved" "https://registry.npmjs.org/@types/uglify-js/-/uglify-js-3.13.0.tgz"
  "version" "3.13.0"
  dependencies:
    "source-map" "^0.6.1"

"ansi-regex@^2.0.0":
  "resolved" "https://registry.npmjs.org/ansi-regex/-/ansi-regex-2.1.1.tgz"
  "version" "2.1.1"

"ansi-regex@^3.0.0":
  "resolved" "https://registry.npmjs.org/ansi-regex/-/ansi-regex-3.0.0.tgz"
  "version" "3.0.0"

"aproba@^1.0.3":
  "resolved" "https://registry.npmjs.org/aproba/-/aproba-1.2.0.tgz"
  "version" "1.2.0"

"are-we-there-yet@~1.1.2":
  "resolved" "https://registry.npmjs.org/are-we-there-yet/-/are-we-there-yet-1.1.5.tgz"
  "version" "1.1.5"
  dependencies:
    "delegates" "^1.0.0"
    "readable-stream" "^2.0.6"

"async@0.2.10":
  "resolved" "https://registry.npmjs.org/async/-/async-0.2.10.tgz"
  "version" "0.2.10"

"base64-js@^1.3.1":
  "resolved" "https://registry.npmjs.org/base64-js/-/base64-js-1.5.1.tgz"
  "version" "1.5.1"

"binary-search-tree@0.2.5":
  "resolved" "https://registry.npmjs.org/binary-search-tree/-/binary-search-tree-0.2.5.tgz"
  "version" "0.2.5"
  dependencies:
    "underscore" "~1.4.4"

"bindings@*":
  "resolved" "https://registry.npmjs.org/bindings/-/bindings-1.5.0.tgz"
  "version" "1.5.0"
  dependencies:
    "file-uri-to-path" "1.0.0"

"bl@^4.0.3":
  "resolved" "https://registry.npmjs.org/bl/-/bl-4.1.0.tgz"
  "version" "4.1.0"
  dependencies:
    "buffer" "^5.5.0"
    "inherits" "^2.0.4"
    "readable-stream" "^3.4.0"

"buffer@^5.5.0":
  "resolved" "https://registry.npmjs.org/buffer/-/buffer-5.7.1.tgz"
  "version" "5.7.1"
  dependencies:
    "base64-js" "^1.3.1"
    "ieee754" "^1.1.13"

"chownr@^1.1.1":
  "resolved" "https://registry.npmjs.org/chownr/-/chownr-1.1.4.tgz"
  "version" "1.1.4"

"code-point-at@^1.0.0":
  "resolved" "https://registry.npmjs.org/code-point-at/-/code-point-at-1.1.0.tgz"
  "version" "1.1.0"

"commander@^2.19.0":
  "resolved" "https://registry.npmjs.org/commander/-/commander-2.20.3.tgz"
  "version" "2.20.3"

"console-control-strings@^1.0.0", "console-control-strings@~1.1.0":
  "resolved" "https://registry.npmjs.org/console-control-strings/-/console-control-strings-1.1.0.tgz"
  "version" "1.1.0"

"core-util-is@~1.0.0":
  "resolved" "https://registry.npmjs.org/core-util-is/-/core-util-is-1.0.2.tgz"
  "version" "1.0.2"

"cross-env@^7.0.3":
  "resolved" "https://registry.npmjs.org/cross-env/-/cross-env-7.0.3.tgz"
  "version" "7.0.3"
  dependencies:
    "cross-spawn" "^7.0.1"

"cross-spawn@^7.0.1":
  "resolved" "https://registry.npmjs.org/cross-spawn/-/cross-spawn-7.0.3.tgz"
  "version" "7.0.3"
  dependencies:
    "path-key" "^3.1.0"
    "shebang-command" "^2.0.0"
    "which" "^2.0.1"

"debug@^4.3.1":
  "resolved" "https://registry.npmjs.org/debug/-/debug-4.3.1.tgz"
  "version" "4.3.1"
  dependencies:
    "ms" "2.1.2"

"decompress-response@^4.2.0":
  "resolved" "https://registry.npmjs.org/decompress-response/-/decompress-response-4.2.1.tgz"
  "version" "4.2.1"
  dependencies:
    "mimic-response" "^2.0.0"

"deep-extend@^0.6.0":
  "resolved" "https://registry.npmjs.org/deep-extend/-/deep-extend-0.6.0.tgz"
  "version" "0.6.0"

"delegates@^1.0.0":
  "resolved" "https://registry.npmjs.org/delegates/-/delegates-1.0.0.tgz"
  "version" "1.0.0"

"detect-libc@^1.0.3":
  "resolved" "https://registry.npmjs.org/detect-libc/-/detect-libc-1.0.3.tgz"
  "version" "1.0.3"

"discontinuous-range@1.0.0":
  "resolved" "https://registry.npmjs.org/discontinuous-range/-/discontinuous-range-1.0.0.tgz"
  "version" "1.0.0"

"end-of-stream@^1.1.0", "end-of-stream@^1.4.1":
  "resolved" "https://registry.npmjs.org/end-of-stream/-/end-of-stream-1.4.4.tgz"
  "version" "1.4.4"
  dependencies:
    "once" "^1.4.0"

"expand-template@^2.0.3":
  "resolved" "https://registry.npmjs.org/expand-template/-/expand-template-2.0.3.tgz"
  "version" "2.0.3"

"file-uri-to-path@1.0.0":
  "resolved" "https://registry.npmjs.org/file-uri-to-path/-/file-uri-to-path-1.0.0.tgz"
  "version" "1.0.0"

"fs-constants@^1.0.0":
  "resolved" "https://registry.npmjs.org/fs-constants/-/fs-constants-1.0.0.tgz"
  "version" "1.0.0"

"gauge@~2.7.3":
  "resolved" "https://registry.npmjs.org/gauge/-/gauge-2.7.4.tgz"
  "version" "2.7.4"
  dependencies:
    "aproba" "^1.0.3"
    "console-control-strings" "^1.0.0"
    "has-unicode" "^2.0.0"
    "object-assign" "^4.1.0"
    "signal-exit" "^3.0.0"
    "string-width" "^1.0.1"
    "strip-ansi" "^3.0.1"
    "wide-align" "^1.1.0"

"github-from-package@0.0.0":
  "resolved" "https://registry.npmjs.org/github-from-package/-/github-from-package-0.0.0.tgz"
  "version" "0.0.0"

"has-unicode@^2.0.0":
  "resolved" "https://registry.npmjs.org/has-unicode/-/has-unicode-2.0.1.tgz"
  "version" "2.0.1"

"ieee754@^1.1.13":
  "resolved" "https://registry.npmjs.org/ieee754/-/ieee754-1.2.1.tgz"
  "version" "1.2.1"

"immediate@~3.0.5":
  "resolved" "https://registry.npmjs.org/immediate/-/immediate-3.0.6.tgz"
  "version" "3.0.6"

"inherits@^2.0.3", "inherits@^2.0.4", "inherits@~2.0.3":
  "resolved" "https://registry.npmjs.org/inherits/-/inherits-2.0.4.tgz"
  "version" "2.0.4"

"ini@~1.3.0":
  "resolved" "https://registry.npmjs.org/ini/-/ini-1.3.8.tgz"
  "version" "1.3.8"

"is-fullwidth-code-point@^1.0.0":
  "resolved" "https://registry.npmjs.org/is-fullwidth-code-point/-/is-fullwidth-code-point-1.0.0.tgz"
  "version" "1.0.0"
  dependencies:
    "number-is-nan" "^1.0.0"

"is-fullwidth-code-point@^2.0.0":
  "resolved" "https://registry.npmjs.org/is-fullwidth-code-point/-/is-fullwidth-code-point-2.0.0.tgz"
  "version" "2.0.0"

"isarray@~1.0.0":
  "resolved" "https://registry.npmjs.org/isarray/-/isarray-1.0.0.tgz"
  "version" "1.0.0"

"isexe@^2.0.0":
  "resolved" "https://registry.npmjs.org/isexe/-/isexe-2.0.0.tgz"
  "version" "2.0.0"

"lie@3.1.1":
  "resolved" "https://registry.npmjs.org/lie/-/lie-3.1.1.tgz"
  "version" "3.1.1"
  dependencies:
    "immediate" "~3.0.5"

"localforage@^1.3.0":
  "resolved" "https://registry.npmjs.org/localforage/-/localforage-1.9.0.tgz"
  "version" "1.9.0"
  dependencies:
    "lie" "3.1.1"

"lodash@^4.17.21":
  "resolved" "https://registry.npmjs.org/lodash/-/lodash-4.17.21.tgz"
  "version" "4.17.21"

"mimic-response@^2.0.0":
  "resolved" "https://registry.npmjs.org/mimic-response/-/mimic-response-2.1.0.tgz"
  "version" "2.1.0"

"minimist@^1.2.0", "minimist@^1.2.3", "minimist@^1.2.5":
  "resolved" "https://registry.npmjs.org/minimist/-/minimist-1.2.5.tgz"
  "version" "1.2.5"

"mkdirp-classic@^0.5.2", "mkdirp-classic@^0.5.3":
  "resolved" "https://registry.npmjs.org/mkdirp-classic/-/mkdirp-classic-0.5.3.tgz"
  "version" "0.5.3"

"mkdirp@~0.5.1":
  "resolved" "https://registry.npmjs.org/mkdirp/-/mkdirp-0.5.5.tgz"
  "version" "0.5.5"
  dependencies:
    "minimist" "^1.2.5"

"moo@^0.5.0", "moo@^0.5.1":
  "resolved" "https://registry.npmjs.org/moo/-/moo-0.5.1.tgz"
  "version" "0.5.1"

"ms@2.1.2":
  "resolved" "https://registry.npmjs.org/ms/-/ms-2.1.2.tgz"
  "version" "2.1.2"

"napi-build-utils@^1.0.1":
  "resolved" "https://registry.npmjs.org/napi-build-utils/-/napi-build-utils-1.0.2.tgz"
  "version" "1.0.2"

"nearley@^2.20.1":
  "resolved" "https://registry.npmjs.org/nearley/-/nearley-2.20.1.tgz"
  "version" "2.20.1"
  dependencies:
    "commander" "^2.19.0"
    "moo" "^0.5.0"
    "railroad-diagrams" "^1.0.0"
    "randexp" "0.4.6"

"nedb@^1.8.0":
  "resolved" "https://registry.npmjs.org/nedb/-/nedb-1.8.0.tgz"
  "version" "1.8.0"
  dependencies:
    "async" "0.2.10"
    "binary-search-tree" "0.2.5"
    "localforage" "^1.3.0"
    "mkdirp" "~0.5.1"
    "underscore" "~1.4.4"

"node-abi@^2.21.0":
  "resolved" "https://registry.npmjs.org/node-abi/-/node-abi-2.26.0.tgz"
  "version" "2.26.0"
  dependencies:
    "semver" "^5.4.1"

"noop-logger@^0.1.1":
  "resolved" "https://registry.npmjs.org/noop-logger/-/noop-logger-0.1.1.tgz"
  "version" "0.1.1"

"npmlog@^4.0.1":
  "resolved" "https://registry.npmjs.org/npmlog/-/npmlog-4.1.2.tgz"
  "version" "4.1.2"
  dependencies:
    "are-we-there-yet" "~1.1.2"
    "console-control-strings" "~1.1.0"
    "gauge" "~2.7.3"
    "set-blocking" "~2.0.0"

"number-is-nan@^1.0.0":
  "resolved" "https://registry.npmjs.org/number-is-nan/-/number-is-nan-1.0.1.tgz"
  "version" "1.0.1"

"object-assign@^4.1.0":
  "resolved" "https://registry.npmjs.org/object-assign/-/object-assign-4.1.1.tgz"
  "version" "4.1.1"

"once@^1.3.1", "once@^1.4.0":
  "resolved" "https://registry.npmjs.org/once/-/once-1.4.0.tgz"
  "version" "1.4.0"
  dependencies:
    "wrappy" "1"

"path-key@^3.1.0":
  "resolved" "https://registry.npmjs.org/path-key/-/path-key-3.1.1.tgz"
  "version" "3.1.1"

"prebuild-install@^6.0.1":
  "resolved" "https://registry.npmjs.org/prebuild-install/-/prebuild-install-6.1.2.tgz"
  "version" "6.1.2"
  dependencies:
    "detect-libc" "^1.0.3"
    "expand-template" "^2.0.3"
    "github-from-package" "0.0.0"
    "minimist" "^1.2.3"
    "mkdirp-classic" "^0.5.3"
    "napi-build-utils" "^1.0.1"
    "node-abi" "^2.21.0"
    "noop-logger" "^0.1.1"
    "npmlog" "^4.0.1"
    "pump" "^3.0.0"
    "rc" "^1.2.7"
    "simple-get" "^3.0.3"
    "tar-fs" "^2.0.0"
    "tunnel-agent" "^0.6.0"

"process-nextick-args@~2.0.0":
  "resolved" "https://registry.npmjs.org/process-nextick-args/-/process-nextick-args-2.0.1.tgz"
  "version" "2.0.1"

"pump@^3.0.0":
  "resolved" "https://registry.npmjs.org/pump/-/pump-3.0.0.tgz"
  "version" "3.0.0"
  dependencies:
    "end-of-stream" "^1.1.0"
    "once" "^1.3.1"

"railroad-diagrams@^1.0.0":
  "resolved" "https://registry.npmjs.org/railroad-diagrams/-/railroad-diagrams-1.0.0.tgz"
  "version" "1.0.0"

"randexp@0.4.6":
  "resolved" "https://registry.npmjs.org/randexp/-/randexp-0.4.6.tgz"
  "version" "0.4.6"
  dependencies:
    "discontinuous-range" "1.0.0"
    "ret" "~0.1.10"

"rc@^1.2.7":
  "resolved" "https://registry.npmjs.org/rc/-/rc-1.2.8.tgz"
  "version" "1.2.8"
  dependencies:
    "deep-extend" "^0.6.0"
    "ini" "~1.3.0"
    "minimist" "^1.2.0"
    "strip-json-comments" "~2.0.1"

"readable-stream@^2.0.6":
  "resolved" "https://registry.npmjs.org/readable-stream/-/readable-stream-2.3.7.tgz"
  "version" "2.3.7"
  dependencies:
    "core-util-is" "~1.0.0"
    "inherits" "~2.0.3"
    "isarray" "~1.0.0"
    "process-nextick-args" "~2.0.0"
    "safe-buffer" "~5.1.1"
    "string_decoder" "~1.1.1"
    "util-deprecate" "~1.0.1"

"readable-stream@^3.1.1", "readable-stream@^3.4.0":
  "resolved" "https://registry.npmjs.org/readable-stream/-/readable-stream-3.6.0.tgz"
  "version" "3.6.0"
  dependencies:
    "inherits" "^2.0.3"
    "string_decoder" "^1.1.1"
    "util-deprecate" "^1.0.1"

"ret@~0.1.10":
  "resolved" "https://registry.npmjs.org/ret/-/ret-0.1.15.tgz"
  "version" "0.1.15"

"safe-buffer@^5.0.1":
  "resolved" "https://registry.npmjs.org/safe-buffer/-/safe-buffer-5.2.1.tgz"
  "version" "5.2.1"

"safe-buffer@~5.1.0", "safe-buffer@~5.1.1":
  "resolved" "https://registry.npmjs.org/safe-buffer/-/safe-buffer-5.1.2.tgz"
  "version" "5.1.2"

"safe-buffer@~5.2.0":
  "resolved" "https://registry.npmjs.org/safe-buffer/-/safe-buffer-5.2.1.tgz"
  "version" "5.2.1"

"semver@^5.4.1":
  "resolved" "https://registry.npmjs.org/semver/-/semver-5.7.1.tgz"
  "version" "5.7.1"

"set-blocking@~2.0.0":
  "resolved" "https://registry.npmjs.org/set-blocking/-/set-blocking-2.0.0.tgz"
  "version" "2.0.0"

"shebang-command@^2.0.0":
  "resolved" "https://registry.npmjs.org/shebang-command/-/shebang-command-2.0.0.tgz"
  "version" "2.0.0"
  dependencies:
    "shebang-regex" "^3.0.0"

"shebang-regex@^3.0.0":
  "resolved" "https://registry.npmjs.org/shebang-regex/-/shebang-regex-3.0.0.tgz"
  "version" "3.0.0"

"signal-exit@^3.0.0":
  "resolved" "https://registry.npmjs.org/signal-exit/-/signal-exit-3.0.3.tgz"
  "version" "3.0.3"

"simple-concat@^1.0.0":
  "resolved" "https://registry.npmjs.org/simple-concat/-/simple-concat-1.0.1.tgz"
  "version" "1.0.1"

"simple-get@^3.0.3":
  "resolved" "https://registry.npmjs.org/simple-get/-/simple-get-3.1.0.tgz"
  "version" "3.1.0"
  dependencies:
    "decompress-response" "^4.2.0"
    "once" "^1.3.1"
    "simple-concat" "^1.0.0"

"source-map@^0.6.1":
  "resolved" "https://registry.npmjs.org/source-map/-/source-map-0.6.1.tgz"
  "version" "0.6.1"

"string_decoder@^1.1.1":
  "resolved" "https://registry.npmjs.org/string_decoder/-/string_decoder-1.3.0.tgz"
  "version" "1.3.0"
  dependencies:
    "safe-buffer" "~5.2.0"

"string_decoder@~1.1.1":
  "resolved" "https://registry.npmjs.org/string_decoder/-/string_decoder-1.1.1.tgz"
  "version" "1.1.1"
  dependencies:
    "safe-buffer" "~5.1.0"

"string-width@^1.0.1":
  "resolved" "https://registry.npmjs.org/string-width/-/string-width-1.0.2.tgz"
  "version" "1.0.2"
  dependencies:
    "code-point-at" "^1.0.0"
    "is-fullwidth-code-point" "^1.0.0"
    "strip-ansi" "^3.0.0"

"string-width@^1.0.2 || 2":
  "resolved" "https://registry.npmjs.org/string-width/-/string-width-2.1.1.tgz"
  "version" "2.1.1"
  dependencies:
    "is-fullwidth-code-point" "^2.0.0"
    "strip-ansi" "^4.0.0"

"strip-ansi@^3.0.0", "strip-ansi@^3.0.1":
  "resolved" "https://registry.npmjs.org/strip-ansi/-/strip-ansi-3.0.1.tgz"
  "version" "3.0.1"
  dependencies:
    "ansi-regex" "^2.0.0"

"strip-ansi@^4.0.0":
  "resolved" "https://registry.npmjs.org/strip-ansi/-/strip-ansi-4.0.0.tgz"
  "version" "4.0.0"
  dependencies:
    "ansi-regex" "^3.0.0"

"strip-json-comments@~2.0.1":
  "resolved" "https://registry.npmjs.org/strip-json-comments/-/strip-json-comments-2.0.1.tgz"
  "version" "2.0.1"

"supervisor@^0.12.0":
  "resolved" "https://registry.npmjs.org/supervisor/-/supervisor-0.12.0.tgz"
  "version" "0.12.0"

"tar-fs@^2.0.0":
  "resolved" "https://registry.npmjs.org/tar-fs/-/tar-fs-2.1.1.tgz"
  "version" "2.1.1"
  dependencies:
    "chownr" "^1.1.1"
    "mkdirp-classic" "^0.5.2"
    "pump" "^3.0.0"
    "tar-stream" "^2.1.4"

"tar-stream@^2.1.4":
  "resolved" "https://registry.npmjs.org/tar-stream/-/tar-stream-2.2.0.tgz"
  "version" "2.2.0"
  dependencies:
    "bl" "^4.0.3"
    "end-of-stream" "^1.4.1"
    "fs-constants" "^1.0.0"
    "inherits" "^2.0.3"
    "readable-stream" "^3.1.1"

"tunnel-agent@^0.6.0":
  "resolved" "https://registry.npmjs.org/tunnel-agent/-/tunnel-agent-0.6.0.tgz"
  "version" "0.6.0"
  dependencies:
    "safe-buffer" "^5.0.1"

"typescript@^4.2.4":
  "resolved" "https://registry.npmjs.org/typescript/-/typescript-4.2.4.tgz"
  "version" "4.2.4"

"uglify-js@^3.13.5":
  "resolved" "https://registry.npmjs.org/uglify-js/-/uglify-js-3.13.5.tgz"
  "version" "3.13.5"

"underscore@~1.4.4":
  "resolved" "https://registry.npmjs.org/underscore/-/underscore-1.4.4.tgz"
  "version" "1.4.4"

"util-deprecate@^1.0.1", "util-deprecate@~1.0.1":
  "resolved" "https://registry.npmjs.org/util-deprecate/-/util-deprecate-1.0.2.tgz"
  "version" "1.0.2"

"which@^2.0.1":
  "resolved" "https://registry.npmjs.org/which/-/which-2.0.2.tgz"
  "version" "2.0.2"
  dependencies:
    "isexe" "^2.0.0"

"wide-align@^1.1.0":
  "resolved" "https://registry.npmjs.org/wide-align/-/wide-align-1.1.3.tgz"
  "version" "1.1.3"
  dependencies:
    "string-width" "^1.0.2 || 2"

"wrappy@1":
  "resolved" "https://registry.npmjs.org/wrappy/-/wrappy-1.0.2.tgz"
  "version" "1.0.2"

"yarn@^1.22.10":
  "resolved" "https://registry.npmjs.org/yarn/-/yarn-1.22.10.tgz"
  "version" "1.22.10"
